// !$*UTF8*$!
{
	archiveVersion = 1;
	classes = {
	};
	objectVersion = 48;
	objects = {

/* Begin PBXBuildFile section */
		7D0179D72069D420000412FA /* AppDelegate.swift in Sources */ = {isa = PBXBuildFile; fileRef = 7D0179D62069D420000412FA /* AppDelegate.swift */; };
		7D0179D92069D420000412FA /* ViewController.swift in Sources */ = {isa = PBXBuildFile; fileRef = 7D0179D82069D420000412FA /* ViewController.swift */; };
		7D0179DC2069D420000412FA /* Main.storyboard in Resources */ = {isa = PBXBuildFile; fileRef = 7D0179DA2069D420000412FA /* Main.storyboard */; };
		7D0179DE2069D420000412FA /* Assets.xcassets in Resources */ = {isa = PBXBuildFile; fileRef = 7D0179DD2069D420000412FA /* Assets.xcassets */; };
		7D0179E12069D420000412FA /* LaunchScreen.storyboard in Resources */ = {isa = PBXBuildFile; fileRef = 7D0179DF2069D420000412FA /* LaunchScreen.storyboard */; };
		7D0179EA2069E396000412FA /* Concentration.swift in Sources */ = {isa = PBXBuildFile; fileRef = 7D0179E92069E396000412FA /* Concentration.swift */; };
		7D0179EC2069F650000412FA /* Card.swift in Sources */ = {isa = PBXBuildFile; fileRef = 7D0179EB2069F650000412FA /* Card.swift */; };
/* End PBXBuildFile section */

/* Begin PBXFileReference section */
		7D0179D32069D420000412FA /* Concentration_20180326.app */ = {isa = PBXFileReference; explicitFileType = wrapper.application; includeInIndex = 0; path = Concentration_20180326.app; sourceTree = BUILT_PRODUCTS_DIR; };
		7D0179D62069D420000412FA /* AppDelegate.swift */ = {isa = PBXFileReference; lastKnownFileType = sourcecode.swift; path = AppDelegate.swift; sourceTree = "<group>"; };
		7D0179D82069D420000412FA /* ViewController.swift */ = {isa = PBXFileReference; lastKnownFileType = sourcecode.swift; path = ViewController.swift; sourceTree = "<group>"; };
		7D0179DB2069D420000412FA /* Base */ = {isa = PBXFileReference; lastKnownFileType = file.storyboard; name = Base; path = Base.lproj/Main.storyboard; sourceTree = "<group>"; };
		7D0179DD2069D420000412FA /* Assets.xcassets */ = {isa = PBXFileReference; lastKnownFileType = folder.assetcatalog; path = Assets.xcassets; sourceTree = "<group>"; };
		7D0179E02069D420000412FA /* Base */ = {isa = PBXFileReference; lastKnownFileType = file.storyboard; name = Base; path = Base.lproj/LaunchScreen.storyboard; sourceTree = "<group>"; };
		7D0179E22069D420000412FA /* Info.plist */ = {isa = PBXFileReference; lastKnownFileType = text.plist.xml; path = Info.plist; sourceTree = "<group>"; };
		7D0179E92069E396000412FA /* Concentration.swift */ = {isa = PBXFileReference; lastKnownFileType = sourcecode.swift; path = Concentration.swift; sourceTree = "<group>"; };
		7D0179EB2069F650000412FA /* Card.swift */ = {isa = PBXFileReference; lastKnownFileType = sourcecode.swift; path = Card.swift; sourceTree = "<group>"; };
/* End PBXFileReference section */

/* Begin PBXFrameworksBuildPhase section */
		7D0179D02069D41F000412FA /* Frameworks */ = {
			isa = PBXFrameworksBuildPhase;
			buildActionMask = 2147483647;
			files = (
			);
			runOnlyForDeploymentPostprocessing = 0;
		};
/* End PBXFrameworksBuildPhase section */

/* Begin PBXGroup section */
		7D0179CA2069D41F000412FA = {
			isa = PBXGroup;
			children = (
				7D0179D52069D420000412FA /* Concentration_20180326 */,
				7D0179D42069D420000412FA /* Products */,
			);
			sourceTree = "<group>";
		};
		7D0179D42069D420000412FA /* Products */ = {
			isa = PBXGroup;
			children = (
				7D0179D32069D420000412FA /* Concentration_20180326.app */,
			);
			name = Products;
			sourceTree = "<group>";
		};
		7D0179D52069D420000412FA /* Concentration_20180326 */ = {
			isa = PBXGroup;
			children = (
				7D0179E82069D7C9000412FA /* Supporting Files */,
				7D0179D82069D420000412FA /* ViewController.swift */,
				7D0179DA2069D420000412FA /* Main.storyboard */,
				7D0179E22069D420000412FA /* Info.plist */,
				7D0179E92069E396000412FA /* Concentration.swift */,
				7D0179EB2069F650000412FA /* Card.swift */,
			);
			path = Concentration_20180326;
			sourceTree = "<group>";
		};
		7D0179E82069D7C9000412FA /* Supporting Files */ = {
			isa = PBXGroup;
			children = (
				7D0179D62069D420000412FA /* AppDelegate.swift */,
				7D0179DD2069D420000412FA /* Assets.xcassets */,
				7D0179DF2069D420000412FA /* LaunchScreen.storyboard */,
			);
			path = "Supporting Files";
			sourceTree = "<group>";
		};
/* End PBXGroup section */

/* Begin PBXNativeTarget section */
		7D0179D22069D41F000412FA /* Concentration_20180326 */ = {
			isa = PBXNativeTarget;
			buildConfigurationList = 7D0179E52069D420000412FA /* Build configuration list for PBXNativeTarget "Concentration_20180326" */;
			buildPhases = (
				7D0179CF2069D41F000412FA /* Sources */,
				7D0179D02069D41F000412FA /* Frameworks */,
				7D0179D12069D41F000412FA /* Resources */,
			);
			buildRules = (
			);
			dependencies = (
			);
			name = Concentration_20180326;
			productName = Concentration_20180326;
			productReference = 7D0179D32069D420000412FA /* Concentration_20180326.app */;
			productType = "com.apple.product-type.application";
		};
/* End PBXNativeTarget section */

/* Begin PBXProject section */
		7D0179CB2069D41F000412FA /* Project object */ = {
			isa = PBXProject;
			attributes = {
				LastSwiftUpdateCheck = 0920;
				LastUpgradeCheck = 0920;
				ORGANIZATIONNAME = "Sean Duffy";
				TargetAttributes = {
					7D0179D22069D41F000412FA = {
						CreatedOnToolsVersion = 9.2;
						ProvisioningStyle = Automatic;
					};
				};
			};
			buildConfigurationList = 7D0179CE2069D41F000412FA /* Build configuration list for PBXProject "Concentration_20180326" */;
			compatibilityVersion = "Xcode 8.0";
			developmentRegion = en;
			hasScannedForEncodings = 0;
			knownRegions = (
				en,
				Base,
			);
			mainGroup = 7D0179CA2069D41F000412FA;
			productRefGroup = 7D0179D42069D420000412FA /* Products */;
			projectDirPath = "";
			projectRoot = "";
			targets = (
				7D0179D22069D41F000412FA /* Concentration_20180326 */,
			);
		};
/* End PBXProject section */

/* Begin PBXResourcesBuildPhase section */
		7D0179D12069D41F000412FA /* Resources */ = {
			isa = PBXResourcesBuildPhase;
			buildActionMask = 2147483647;
			files = (
				7D0179E12069D420000412FA /* LaunchScreen.storyboard in Resources */,
				7D0179DE2069D420000412FA /* Assets.xcassets in Resources */,
				7D0179DC2069D420000412FA /* Main.storyboard in Resources */,
			);
			runOnlyForDeploymentPostprocessing = 0;
		};
/* End PBXResourcesBuildPhase section */

/* Begin PBXSourcesBuildPhase section */
		7D0179CF2069D41F000412FA /* Sources */ = {
			isa = PBXSourcesBuildPhase;
			buildActionMask = 2147483647;
			files = (
				7D0179D92069D420000412FA /* ViewController.swift in Sources */,
				7D0179EA2069E396000412FA /* Concentration.swift in Sources */,
				7D0179D72069D420000412FA /* AppDelegate.swift in Sources */,
				7D0179EC2069F650000412FA /* Card.swift in Sources */,
			);
			runOnlyForDeploymentPostprocessing = 0;
		};
/* End PBXSourcesBuildPhase section */

/* Begin PBXVariantGroup section */
		7D0179DA2069D420000412FA /* Main.storyboard */ = {
			isa = PBXVariantGroup;
			children = (
				7D0179DB2069D420000412FA /* Base */,
			);
			name = Main.storyboard;
			sourceTree = "<group>";
		};
		7D0179DF2069D420000412FA /* LaunchScreen.storyboard */ = {
			isa = PBXVariantGroup;
			children = (
				7D0179E02069D420000412FA /* Base */,
			);
			name = LaunchScreen.storyboard;
			sourceTree = "<group>";
		};
/* End PBXVariantGroup section */

/* Begin XCBuildConfiguration section */
		7D0179E32069D420000412FA /* Debug */ = {
			isa = XCBuildConfiguration;
			buildSettings = {
				ALWAYS_SEARCH_USER_PATHS = NO;
				CLANG_ANALYZER_NONNULL = YES;
				CLANG_ANALYZER_NUMBER_OBJECT_CONVERSION = YES_AGGRESSIVE;
				CLANG_CXX_LANGUAGE_STANDARD = "gnu++14";
				CLANG_CXX_LIBRARY = "libc++";
				CLANG_ENABLE_MODULES = YES;
				CLANG_ENABLE_OBJC_ARC = YES;
				CLANG_WARN_BLOCK_CAPTURE_AUTORELEASING = YES;
				CLANG_WARN_BOOL_CONVERSION = YES;
				CLANG_WARN_COMMA = YES;
				CLANG_WARN_CONSTANT_CONVERSION = YES;
				CLANG_WARN_DIRECT_OBJC_ISA_USAGE = YES_ERROR;
				CLANG_WARN_DOCUMENTATION_COMMENTS = YES;
				CLANG_WARN_EMPTY_BODY = YES;
				CLANG_WARN_ENUM_CONVERSION = YES;
				CLANG_WARN_INFINITE_RECURSION = YES;
				CLANG_WARN_INT_CONVERSION = YES;
				CLANG_WARN_NON_LITERAL_NULL_CONVERSION = YES;
				CLANG_WARN_OBJC_LITERAL_CONVERSION = YES;
				CLANG_WARN_OBJC_ROOT_CLASS = YES_ERROR;
				CLANG_WARN_RANGE_LOOP_ANALYSIS = YES;
				CLANG_WARN_STRICT_PROTOTYPES = YES;
				CLANG_WARN_SUSPICIOUS_MOVE = YES;
				CLANG_WARN_UNGUARDED_AVAILABILITY = YES_AGGRESSIVE;
				CLANG_WARN_UNREACHABLE_CODE = YES;
				CLANG_WARN__DUPLICATE_METHOD_MATCH = YES;
				CODE_SIGN_IDENTITY = "iPhone Developer";
				COPY_PHASE_STRIP = NO;
				DEBUG_INFORMATION_FORMAT = dwarf;
				ENABLE_STRICT_OBJC_MSGSEND = YES;
				ENABLE_TESTABILITY = YES;
				GCC_C_LANGUAGE_STANDARD = gnu11;
				GCC_DYNAMIC_NO_PIC = NO;
				GCC_NO_COMMON_BLOCKS = YES;
				GCC_OPTIMIZATION_LEVEL = 0;
				GCC_PREPROCESSOR_DEFINITIONS = (
					"DEBUG=1",
					"$(inherited)",
				);
				GCC_WARN_64_TO_32_BIT_CONVERSION = YES;
				GCC_WARN_ABOUT_RETURN_TYPE = YES_ERROR;
				GCC_WARN_UNDECLARED_SELECTOR = YES;
				GCC_WARN_UNINITIALIZED_AUTOS = YES_AGGRESSIVE;
				GCC_WARN_UNUSED_FUNCTION = YES;
				GCC_WARN_UNUSED_VARIABLE = YES;
				IPHONEOS_DEPLOYMENT_TARGET = 11.2;
				MTL_ENABLE_DEBUG_INFO = YES;
				ONLY_ACTIVE_ARCH = YES;
				SDKROOT = iphoneos;
				SWIFT_ACTIVE_COMPILATION_CONDITIONS = DEBUG;
				SWIFT_OPTIMIZATION_LEVEL = "-Onone";
			};
			name = Debug;
		};
		7D0179E42069D420000412FA /* Release */ = {
			isa = XCBuildConfiguration;
			buildSettings = {
				ALWAYS_SEARCH_USER_PATHS = NO;
				CLANG_ANALYZER_NONNULL = YES;
				CLANG_ANALYZER_NUMBER_OBJECT_CONVERSION = YES_AGGRESSIVE;
				CLANG_CXX_LANGUAGE_STANDARD = "gnu++14";
				CLANG_CXX_LIBRARY = "libc++";
				CLANG_ENABLE_MODULES = YES;
				CLANG_ENABLE_OBJC_ARC = YES;
				CLANG_WARN_BLOCK_CAPTURE_AUTORELEASING = YES;
				CLANG_WARN_BOOL_CONVERSION = YES;
				CLANG_WARN_COMMA = YES;
				CLANG_WARN_CONSTANT_CONVERSION = YES;
				CLANG_WARN_DIRECT_OBJC_ISA_USAGE = YES_ERROR;
				CLANG_WARN_DOCUMENTATION_COMMENTS = YES;
				CLANG_WARN_EMPTY_BODY = YES;
				CLANG_WARN_ENUM_CONVERSION = YES;
				CLANG_WARN_INFINITE_RECURSION = YES;
				CLANG_WARN_INT_CONVERSION = YES;
				CLANG_WARN_NON_LITERAL_NULL_CONVERSION = YES;
				CLANG_WARN_OBJC_LITERAL_CONVERSION = YES;
				CLANG_WARN_OBJC_ROOT_CLASS = YES_ERROR;
				CLANG_WARN_RANGE_LOOP_ANALYSIS = YES;
				CLANG_WARN_STRICT_PROTOTYPES = YES;
				CLANG_WARN_SUSPICIOUS_MOVE = YES;
				CLANG_WARN_UNGUARDED_AVAILABILITY = YES_AGGRESSIVE;
				CLANG_WARN_UNREACHABLE_CODE = YES;
				CLANG_WARN__DUPLICATE_METHOD_MATCH = YES;
				CODE_SIGN_IDENTITY = "iPhone Developer";
				COPY_PHASE_STRIP = NO;
				DEBUG_INFORMATION_FORMAT = "dwarf-with-dsym";
				ENABLE_NS_ASSERTIONS = NO;
				ENABLE_STRICT_OBJC_MSGSEND = YES;
				GCC_C_LANGUAGE_STANDARD = gnu11;
				GCC_NO_COMMON_BLOCKS = YES;
				GCC_WARN_64_TO_32_BIT_CONVERSION = YES;
				GCC_WARN_ABOUT_RETURN_TYPE = YES_ERROR;
				GCC_WARN_UNDECLARED_SELECTOR = YES;
				GCC_WARN_UNINITIALIZED_AUTOS = YES_AGGRESSIVE;
				GCC_WARN_UNUSED_FUNCTION = YES;
				GCC_WARN_UNUSED_VARIABLE = YES;
				IPHONEOS_DEPLOYMENT_TARGET = 11.2;
				MTL_ENABLE_DEBUG_INFO = NO;
				SDKROOT = iphoneos;
				SWIFT_OPTIMIZATION_LEVEL = "-Owholemodule";
				VALIDATE_PRODUCT = YES;
			};
			name = Release;
		};
		7D0179E62069D420000412FA /* Debug */ = {
			isa = XCBuildConfiguration;
			buildSettings = {
				ASSETCATALOG_COMPILER_APPICON_NAME = AppIcon;
				CODE_SIGN_STYLE = Automatic;
				DEVELOPMENT_TEAM = DKPW85FBXF;
				INFOPLIST_FILE = Concentration_20180326/Info.plist;
				LD_RUNPATH_SEARCH_PATHS = "$(inherited) @executable_path/Frameworks";
				PRODUCT_BUNDLE_IDENTIFIER = "com.corti.sduffy826.Concentration-20180326";
				PRODUCT_NAME = "$(TARGET_NAME)";
				SWIFT_VERSION = 4.0;
				TARGETED_DEVICE_FAMILY = "1,2";
			};
			name = Debug;
		};
		7D0179E72069D420000412FA /* Release */ = {
			isa = XCBuildConfiguration;
			buildSettings = {
				ASSETCATALOG_COMPILER_APPICON_NAME = AppIcon;
				CODE_SIGN_STYLE = Automatic;
				DEVELOPMENT_TEAM = DKPW85FBXF;
				INFOPLIST_FILE = Concentration_20180326/Info.plist;
				LD_RUNPATH_SEARCH_PATHS = "$(inherited) @executable_path/Frameworks";
				PRODUCT_BUNDLE_IDENTIFIER = "com.corti.sduffy826.Concentration-20180326";
				PRODUCT_NAME = "$(TARGET_NAME)";
				SWIFT_VERSION = 4.0;
				TARGETED_DEVICE_FAMILY = "1,2";
			};
			name = Release;
		};
/* End XCBuildConfiguration section */

/* Begin XCConfigurationList section */
		7D0179CE2069D41F000412FA /* Build configuration list for PBXProject "Concentration_20180326" */ = {
			isa = XCConfigurationList;
			buildConfigurations = (
				7D0179E32069D420000412FA /* Debug */,
				7D0179E42069D420000412FA /* Release */,
			);
			defaultConfigurationIsVisible = 0;
			defaultConfigurationName = Release;
		};
		7D0179E52069D420000412FA /* Build configuration list for PBXNativeTarget "Concentration_20180326" */ = {
			isa = XCConfigurationList;
			buildConfigurations = (
				7D0179E62069D420000412FA /* Debug */,
				7D0179E72069D420000412FA /* Release */,
			);
			defaultConfigurationIsVisible = 0;
			defaultConfigurationName = Release;
		};
/* End XCConfigurationList section */
	};
	rootObject = 7D0179CB2069D41F000412FA /* Project object */;
}
